
Microsoft Visual Studio Solution File, Format Version 12.00
# Visual Studio Version 17
VisualStudioVersion = 17.10.35027.167
MinimumVisualStudioVersion = 10.0.40219.1
Project("{FAE04EC0-301F-11D3-BF4B-00C04F79EFBC}") = "AZURECICD", "AZURECICD.csproj", "{C8779311-D2FC-4D76-8CBF-06BE57F21F41}"
EndProject
Global
	GlobalSection(SolutionConfigurationPlatforms) = preSolution
		Debug|Any CPU = Debug|Any CPU
		Release|Any CPU = Release|Any CPU
	EndGlobalSection
	GlobalSection(ProjectConfigurationPlatforms) = postSolution
		{C8779311-D2FC-4D76-8CBF-06BE57F21F41}.Debug|Any CPU.ActiveCfg = Debug|Any CPU
		{C8779311-D2FC-4D76-8CBF-06BE57F21F41}.Debug|Any CPU.Build.0 = Debug|Any CPU
		{C8779311-D2FC-4D76-8CBF-06BE57F21F41}.Release|Any CPU.ActiveCfg = Release|Any CPU
		{C8779311-D2FC-4D76-8CBF-06BE57F21F41}.Release|Any CPU.Build.0 = Release|Any CPU
	EndGlobalSection
	GlobalSection(SolutionProperties) = preSolution
		HideSolutionNode = FALSE
	EndGlobalSection
	GlobalSection(ExtensibilityGlobals) = postSolution
		SolutionGuid = {C11E7A34-AA15-4530-AC6A-33A5EEAD40E9}
	EndGlobalSection
EndGlobal
